
Microsoft Visual Studio Solution File, Format Version 11.00
# Visual C# Express 2010
Project("{FAE04EC0-301F-11D3-BF4B-00C04F79EFBC}") = "OT", "OT\OT.csproj", "{0CED67FA-394C-41E2-A935-395EF28EE92E}"
EndProject
Global
	GlobalSection(SolutionConfigurationPlatforms) = preSolution
		Debug|x86 = Debug|x86
		Release|x86 = Release|x86
	EndGlobalSection
	GlobalSection(ProjectConfigurationPlatforms) = postSolution
		{0CED67FA-394C-41E2-A935-395EF28EE92E}.Debug|x86.ActiveCfg = Debug|x86
		{0CED67FA-394C-41E2-A935-395EF28EE92E}.Debug|x86.Build.0 = Debug|x86
		{0CED67FA-394C-41E2-A935-395EF28EE92E}.Release|x86.ActiveCfg = Release|x86
		{0CED67FA-394C-41E2-A935-395EF28EE92E}.Release|x86.Build.0 = Release|x86
	EndGlobalSection
	GlobalSection(SolutionProperties) = preSolution
		HideSolutionNode = FALSE
	EndGlobalSection
EndGlobal
